
Microsoft Visual Studio Solution File, Format Version 12.00
# Visual Studio 15
VisualStudioVersion = 15.0.27428.2015
MinimumVisualStudioVersion = 10.0.40219.1
Project("{DA7A21FA-8162-4350-AD77-A8D1B671F3ED}") = "Master thesis R", "Master thesis R\Master thesis R.rxproj", "{29DADBC3-E420-4853-92FD-A8C21AFFB123}"
EndProject
Global
	GlobalSection(SolutionConfigurationPlatforms) = preSolution
		Debug|Any CPU = Debug|Any CPU
		Release|Any CPU = Release|Any CPU
	EndGlobalSection
	GlobalSection(ProjectConfigurationPlatforms) = postSolution
		{29DADBC3-E420-4853-92FD-A8C21AFFB123}.Debug|Any CPU.ActiveCfg = Debug|Any CPU
		{29DADBC3-E420-4853-92FD-A8C21AFFB123}.Debug|Any CPU.Build.0 = Debug|Any CPU
		{29DADBC3-E420-4853-92FD-A8C21AFFB123}.Release|Any CPU.ActiveCfg = Debug|Any CPU
		{29DADBC3-E420-4853-92FD-A8C21AFFB123}.Release|Any CPU.Build.0 = Debug|Any CPU
	EndGlobalSection
	GlobalSection(SolutionProperties) = preSolution
		HideSolutionNode = FALSE
	EndGlobalSection
	GlobalSection(ExtensibilityGlobals) = postSolution
		SolutionGuid = {611BACCE-24EC-449A-8F96-F12C010A498E}
	EndGlobalSection
EndGlobal
